<?xml version="1.0" encoding="utf-8"?>
<Project ToolsVersion="4.0" xmlns="http://schemas.microsoft.com/developer/msbuild/2003">
  <ItemGroup>
    <Filter Include="Source Files">
      <UniqueIdentifier>{4FC737F1-C7A5-4376-A066-2A32D752A2FF}</UniqueIdentifier>
      <Extensions>cpp;c;cc;cxx;c++;def;odl;idl;hpj;bat;asm;asmx</Extensions>
    </Filter>
    <Filter Include="Header Files">
      <UniqueIdentifier>{93995380-89BD-4b04-88EB-625FBE52EBFB}</UniqueIdentifier>
      <Extensions>h;hh;hpp;hxx;h++;hm;inl;inc;ipp;xsd</Extensions>
    </Filter>
    <Filter Include="Entities">
      <UniqueIdentifier>{41240d33-8f0b-4e90-a628-8b061caac53b}</UniqueIdentifier>
    </Filter>
    <Filter Include="GUI">
      <UniqueIdentifier>{a804986d-596f-4186-9f0a-e47190c60cc9}</UniqueIdentifier>
    </Filter>
    <Filter Include="States">
      <UniqueIdentifier>{488d359b-ca76-4c35-9119-778a45ceece9}</UniqueIdentifier>
    </Filter>
    <Filter Include="System">
      <UniqueIdentifier>{47d34548-0739-4b0a-ba0f-79333f8f6525}</UniqueIdentifier>
    </Filter>
    <Filter Include="Map">
      <UniqueIdentifier>{3bad2778-6028-428c-9055-d0988afcba1c}</UniqueIdentifier>
    </Filter>
    <Filter Include="Map\Tile">
      <UniqueIdentifier>{09b19e1a-456a-4a7f-ba60-13bd20b4a8c2}</UniqueIdentifier>
    </Filter>
    <Filter Include="System\Animation">
      <UniqueIdentifier>{3d4bba82-aa43-462e-ae30-1dc60db92143}</UniqueIdentifier>
    </Filter>
    <Filter Include="States\menu">
      <UniqueIdentifier>{28449ffc-2613-41e0-ab74-6f03f368ca71}</UniqueIdentifier>
    </Filter>
    <Filter Include="States\Editor Modes">
      <UniqueIdentifier>{e731c8de-5897-48fb-9e91-d8f7583e5456}</UniqueIdentifier>
    </Filter>
  </ItemGroup>
  <ItemGroup>
    <ClCompile Include="Main_menu.cpp">
      <Filter>States\menu</Filter>
    </ClCompile>
    <ClCompile Include="AnimatedSprite.cpp">
      <Filter>System\Animation</Filter>
    </ClCompile>
    <ClCompile Include="Animation.cpp">
      <Filter>System\Animation</Filter>
    </ClCompile>
    <ClCompile Include="stdafx.cpp">
      <Filter>Header Files</Filter>
    </ClCompile>
    <ClCompile Include="Entity.cpp">
      <Filter>Entities</Filter>
    </ClCompile>
    <ClCompile Include="Gui.cpp">
      <Filter>GUI</Filter>
    </ClCompile>
    <ClCompile Include="GraphicsSettings.cpp">
      <Filter>States</Filter>
    </ClCompile>
    <ClCompile Include="PlayerGUI.cpp">
      <Filter>GUI</Filter>
    </ClCompile>
    <ClCompile Include="State.cpp">
      <Filter>States</Filter>
    </ClCompile>
    <ClCompile Include="SettingsState.cpp">
      <Filter>States</Filter>
    </ClCompile>
    <ClCompile Include="MainMenuState.cpp">
      <Filter>States</Filter>
    </ClCompile>
    <ClCompile Include="GameState.cpp">
      <Filter>States</Filter>
    </ClCompile>
    <ClCompile Include="TileMap.cpp">
      <Filter>Map</Filter>
    </ClCompile>
    <ClCompile Include="Tile.cpp">
      <Filter>Map\Tile</Filter>
    </ClCompile>
    <ClCompile Include="Player.cpp">
      <Filter>Entities</Filter>
    </ClCompile>
    <ClCompile Include="PauseMenu.cpp">
      <Filter>GUI</Filter>
    </ClCompile>
    <ClCompile Include="Game.cpp">
      <Filter>Source Files</Filter>
    </ClCompile>
    <ClCompile Include="main.cpp">
      <Filter>Source Files</Filter>
    </ClCompile>
    <ClCompile Include="RegularTile.cpp">
      <Filter>Map\Tile</Filter>
    </ClCompile>
    <ClCompile Include="Potion.cpp">
      <Filter>Entities</Filter>
    </ClCompile>
    <ClCompile Include="Portal.cpp">
      <Filter>Entities</Filter>
    </ClCompile>
    <ClCompile Include="enemy.cpp">
      <Filter>Entities</Filter>
    </ClCompile>
    <ClCompile Include="TextTagSystem.cpp">
      <Filter>System</Filter>
    </ClCompile>
    <ClCompile Include="VectorUtils.cpp">
      <Filter>System</Filter>
    </ClCompile>
    <ClCompile Include="AnimationComponent.cpp">
      <Filter>System</Filter>
    </ClCompile>
    <ClCompile Include="AttributeComponent.cpp">
      <Filter>System</Filter>
    </ClCompile>
    <ClCompile Include="HitboxComponent.cpp">
      <Filter>System</Filter>
    </ClCompile>
    <ClCompile Include="MovementComponent.cpp">
      <Filter>System</Filter>
    </ClCompile>
    <ClCompile Include="EditorState.cpp">
      <Filter>States</Filter>
    </ClCompile>
    <ClCompile Include="EditorModes.cpp">
      <Filter>States\Editor Modes</Filter>
    </ClCompile>
    <ClCompile Include="DefaultEditorMode.cpp">
      <Filter>States\Editor Modes</Filter>
    </ClCompile>
  </ItemGroup>
  <ItemGroup>
    <ClInclude Include="Main_menu.h">
      <Filter>States\menu</Filter>
    </ClInclude>
    <ClInclude Include="stdafx.h">
      <Filter>Header Files</Filter>
    </ClInclude>
    <ClInclude Include="Entity.h">
      <Filter>Entities</Filter>
    </ClInclude>
    <ClInclude Include="Gui.h">
      <Filter>GUI</Filter>
    </ClInclude>
    <ClInclude Include="GraphicsSettings.h">
      <Filter>States</Filter>
    </ClInclude>
    <ClInclude Include="PlayerGUI.h">
      <Filter>GUI</Filter>
    </ClInclude>
    <ClInclude Include="State.h">
      <Filter>States</Filter>
    </ClInclude>
    <ClInclude Include="SettingsState.h">
      <Filter>States</Filter>
    </ClInclude>
    <ClInclude Include="MainMenuState.h">
      <Filter>States</Filter>
    </ClInclude>
    <ClInclude Include="GameState.h">
      <Filter>States</Filter>
    </ClInclude>
    <ClInclude Include="TileMap.h">
      <Filter>Map</Filter>
    </ClInclude>
    <ClInclude Include="Tile.h">
      <Filter>Map\Tile</Filter>
    </ClInclude>
    <ClInclude Include="Player.h">
      <Filter>Entities</Filter>
    </ClInclude>
    <ClInclude Include="PauseMenu.h">
      <Filter>GUI</Filter>
    </ClInclude>
    <ClInclude Include="Game.h">
      <Filter>Header Files</Filter>
    </ClInclude>
    <ClInclude Include="RegularTile.h">
      <Filter>Map\Tile</Filter>
    </ClInclude>
    <ClInclude Include="Potion.h">
      <Filter>Entities</Filter>
    </ClInclude>
    <ClInclude Include="Portal.h">
      <Filter>Entities</Filter>
    </ClInclude>
    <ClInclude Include="enemy.h">
      <Filter>Entities</Filter>
    </ClInclude>
    <ClInclude Include="TextTagSystem.h">
      <Filter>System</Filter>
    </ClInclude>
    <ClInclude Include="VectorUtils.h">
      <Filter>System</Filter>
    </ClInclude>
    <ClInclude Include="AnimationComponent.h">
      <Filter>System</Filter>
    </ClInclude>
    <ClInclude Include="AttributeComponent.h">
      <Filter>System</Filter>
    </ClInclude>
    <ClInclude Include="HitboxComponent.h">
      <Filter>System</Filter>
    </ClInclude>
    <ClInclude Include="MovementComponent.h">
      <Filter>System</Filter>
    </ClInclude>
    <ClInclude Include="EditorState.h">
      <Filter>States</Filter>
    </ClInclude>
    <ClInclude Include="EditorMode.h">
      <Filter>States\Editor Modes</Filter>
    </ClInclude>
    <ClInclude Include="EditorModes.h">
      <Filter>States\Editor Modes</Filter>
    </ClInclude>
    <ClInclude Include="DefaultEditorMode.h">
      <Filter>States\Editor Modes</Filter>
    </ClInclude>
  </ItemGroup>
</Project>